dependencies:
  '@ts-schema-autogen/types': 'link:../types'
  '@types/node': 13.7.6
  exec-once: 0.1.6
  tslib: 1.11.0
lockfileVersion: 5.1
packages:
  /@types/node/13.7.6:
    dev: false
    resolution:
      integrity: sha512-eyK7MWD0R1HqVTp+PtwRgFeIsemzuj4gBFSQxfPHY5iMjS7474e5wq+VFgTcdpyHeNxyKSaetYAjdMLJlKoWqA==
  /exec-once/0.1.6:
    dependencies:
      '@types/node': 13.7.6
      tslib: 1.11.0
    dev: false
    resolution:
      integrity: sha512-DMCRTmVoGgGJLS+Z7NfaV53QiQTi8XedoBNVWsl5S7ZQGgt587MOKqlu8k/ybtkEEVjkl4RjO4REOJv4v2ZBxw==
  /tslib/1.11.0:
    dev: false
    resolution:
      integrity: sha512-BmndXUtiTn/VDDrJzQE7Mm22Ix3PxgLltW9bSNLoeCY31gnG2OPx0QqJnuc9oMIKioYrz487i6K9o4Pdn0j+Kg==
specifiers:
  '@ts-schema-autogen/types': ^0.1.1
  '@types/node': ^13.7.6
  exec-once: ^0.1.6
  tslib: ^1.11.0
