dependencies:
  '@ts-schema-autogen/status': 'link:../../packages/status'
  '@ts-schema-autogen/types': 'link:../../packages/types'
  simple-fake-console: 0.1.5
  simple-fake-fs: 0.0.7
  simple-fake-path: 0.0.1
lockfileVersion: 5.1
packages:
  /@types/node/13.5.2:
    dev: false
    resolution:
      integrity: sha512-Fr6a47c84PRLfd7M7u3/hEknyUdQrrBA6VoPmkze0tcflhU5UnpWEX2kn12ktA/lb+MNHSqFlSiPHIHsaErTPA==
  /simple-fake-console/0.1.5:
    dependencies:
      '@types/node': 13.5.2
      tslib: 1.10.0
    dev: false
    engines:
      node: '>= 8.9.0'
    resolution:
      integrity: sha512-cZse0VgEoolstDzYAnt/4plq8xPAL2doNCBxnj5aP1gP0y6piftZtEyw4gYNUb30OY4sgWo51WlID124h0VxXQ==
  /simple-fake-fs/0.0.7:
    dependencies:
      '@types/node': 13.5.2
      tslib: 1.10.0
    dev: false
    resolution:
      integrity: sha512-jkANqneqCOHOwxhKZFG6b0kBJIE6cpBjTroQR1uXQJ75IARHHfrIqLEdmgpjJdMce+2UH3zm04JZRKya5csSPw==
  /simple-fake-path/0.0.1:
    dependencies:
      '@types/node': 13.5.2
      tslib: 1.10.0
    dev: false
    resolution:
      integrity: sha512-PwdtbINHHx4bQa0MenMeDKePW83e/M4dBQZrKtcHra859GZAEruEiYBpshPik6aEjdQsOZPV+wLoZgy9Zg3eHQ==
  /tslib/1.10.0:
    dev: false
    resolution:
      integrity: sha512-qOebF53frne81cf0S9B41ByenJ3/IuH8yJKngAX35CmiZySA0khhkovshKK+jGCaMnVomla7gVlIcc3EvKPbTQ==
specifiers:
  '@ts-schema-autogen/status': 'file:../../packages/status'
  '@ts-schema-autogen/types': 'file:../../packages/types'
  simple-fake-console: ^0.1.5
  simple-fake-fs: ^0.0.7
  simple-fake-path: ^0.0.1
