dependencies:
  '@ts-schema-autogen/types': 'link:../../packages/types'
  simple-fake-fs: 0.0.5
lockfileVersion: 5.1
packages:
  /@types/node/13.5.0:
    dev: false
    resolution:
      integrity: sha512-Onhn+z72D2O2Pb2ql2xukJ55rglumsVo1H6Fmyi8mlU9SvKdBk/pUSUAiBY/d9bAOF7VVWajX3sths/+g6ZiAQ==
  /simple-fake-fs/0.0.5:
    dependencies:
      '@types/node': 13.5.0
      tslib: 1.10.0
    dev: false
    resolution:
      integrity: sha512-DCDFGOkzHJCsJRVkf62lCBciYKTD9lOIPicmC7AWpWhEjXdHHwhCEwI0hjHkki7LbdCjK8nevnn09jwRlfsQLA==
  /tslib/1.10.0:
    dev: false
    resolution:
      integrity: sha512-qOebF53frne81cf0S9B41ByenJ3/IuH8yJKngAX35CmiZySA0khhkovshKK+jGCaMnVomla7gVlIcc3EvKPbTQ==
specifiers:
  '@ts-schema-autogen/types': ../../packages/types
  simple-fake-fs: ^0.0.5
