dependencies:
  '@ts-schema-autogen/lib': 'link:../lib'
  '@ts-schema-autogen/status': 'link:../status'
  '@ts-schema-autogen/types': 'link:../types'
  '@ts-schema-autogen/utils': 'link:../utils'
  '@tsfun/object': 0.0.16
  '@tsfun/pipe': 0.0.11
  '@types/node': 13.7.0
  tslib: 1.10.0
lockfileVersion: 5.1
packages:
  /@tsfun/object/0.0.16:
    dependencies:
      '@types/node': 13.7.0
      tslib: 1.10.0
      utility-types: 3.10.0
    dev: false
    resolution:
      integrity: sha512-75/OG0K2mcr4Jl4lczo7tHvhELGI5pbvV0XvKU4jVVh4LOFlZ3kYPgOTfNTYO+rampS8p1Z0XqLzCMNXPPenUg==
  /@tsfun/pipe/0.0.11:
    dependencies:
      '@tsfun/tap': 0.0.10
      '@types/node': 13.7.4
      tslib: 1.11.0
    dev: false
    engines:
      node: '>= 8.9.0'
    resolution:
      integrity: sha512-jL88eyhDR/Pena+eBzY9bw8SOED9nET2QPNSgvXpz4XK9t2CBmwtu6YUPzdZCBG6RTSZoQV5VKmsXu4255qVaA==
  /@tsfun/tap/0.0.10:
    dependencies:
      '@types/node': 13.7.4
      tslib: 1.11.0
    dev: false
    resolution:
      integrity: sha512-ArfW5g+1BxUXhqWOCOceiR3iviWn6PvDjOHzSBCCw3luYlVJ8JwYMcvj9ZXITBbP33uM8NKbxwzjRGGVckXLdg==
  /@types/node/13.7.0:
    dev: false
    resolution:
      integrity: sha512-GnZbirvmqZUzMgkFn70c74OQpTTUcCzlhQliTzYjQMqg+hVKcDnxdL19Ne3UdYzdMA/+W3eb646FWn/ZaT1NfQ==
  /@types/node/13.7.4:
    dev: false
    resolution:
      integrity: sha512-oVeL12C6gQS/GAExndigSaLxTrKpQPxewx9bOcwfvJiJge4rr7wNaph4J+ns5hrmIV2as5qxqN8YKthn9qh0jw==
  /tslib/1.10.0:
    dev: false
    resolution:
      integrity: sha512-qOebF53frne81cf0S9B41ByenJ3/IuH8yJKngAX35CmiZySA0khhkovshKK+jGCaMnVomla7gVlIcc3EvKPbTQ==
  /tslib/1.11.0:
    dev: false
    resolution:
      integrity: sha512-BmndXUtiTn/VDDrJzQE7Mm22Ix3PxgLltW9bSNLoeCY31gnG2OPx0QqJnuc9oMIKioYrz487i6K9o4Pdn0j+Kg==
  /utility-types/3.10.0:
    dev: false
    engines:
      node: '>= 4'
    resolution:
      integrity: sha512-O11mqxmi7wMKCo6HKFt5AhO4BwY3VV68YU07tgxfz8zJTIxr4BpsezN49Ffwy9j3ZpwwJp4fkRwjRzq3uWE6Rg==
specifiers:
  '@ts-schema-autogen/lib': ^0.1.0
  '@ts-schema-autogen/status': ^0.1.0
  '@ts-schema-autogen/types': ^0.1.0
  '@ts-schema-autogen/utils': ^0.0.0
  '@tsfun/object': ^0.0.16
  '@tsfun/pipe': ^0.0.11
  '@types/node': ^13.7.0
  tslib: ^1.10.0
