lockfileVersion: 5.3

specifiers:
  '@ts-schema-autogen/lib': ^0.1.1
  '@ts-schema-autogen/status': ^0.1.1
  '@ts-schema-autogen/types': ^0.1.1
  '@ts-schema-autogen/utils': ^0.0.1
  '@tsfun/object': ^0.0.17
  '@tsfun/pipe': ^0.0.11
  '@types/node': ^14.0.0
  tslib: ^1.11.0

dependencies:
  '@ts-schema-autogen/lib': link:../lib
  '@ts-schema-autogen/status': link:../status
  '@ts-schema-autogen/types': link:../types
  '@ts-schema-autogen/utils': link:../utils
  '@tsfun/object': 0.0.17
  '@tsfun/pipe': 0.0.11
  '@types/node': 14.17.2
  tslib: 1.11.0

packages:

  /@tsfun/object/0.0.17:
    resolution: {integrity: sha512-H/hRAlGWkoui1ZqIX2iPSQdK07mUF7QZwIkyY5SzwBIe1jVkSRNXmHtm9WvWMuoaGCr3peCZGXphximX3DEzig==}
    dependencies:
      '@types/node': 13.7.6
      tslib: 1.11.0
      utility-types: 3.10.0
    dev: false

  /@tsfun/pipe/0.0.11:
    resolution: {integrity: sha512-jL88eyhDR/Pena+eBzY9bw8SOED9nET2QPNSgvXpz4XK9t2CBmwtu6YUPzdZCBG6RTSZoQV5VKmsXu4255qVaA==}
    engines: {node: '>= 8.9.0'}
    dependencies:
      '@tsfun/tap': 0.0.10
      '@types/node': 13.7.6
      tslib: 1.11.0
    dev: false

  /@tsfun/tap/0.0.10:
    resolution: {integrity: sha512-ArfW5g+1BxUXhqWOCOceiR3iviWn6PvDjOHzSBCCw3luYlVJ8JwYMcvj9ZXITBbP33uM8NKbxwzjRGGVckXLdg==}
    dependencies:
      '@types/node': 13.7.6
      tslib: 1.10.0
    dev: false

  /@types/node/13.7.6:
    resolution: {integrity: sha512-eyK7MWD0R1HqVTp+PtwRgFeIsemzuj4gBFSQxfPHY5iMjS7474e5wq+VFgTcdpyHeNxyKSaetYAjdMLJlKoWqA==}
    dev: false

  /@types/node/14.17.2:
    resolution: {integrity: sha512-sld7b/xmFum66AAKuz/rp/CUO8+98fMpyQ3SBfzzBNGMd/1iHBTAg9oyAvcYlAj46bpc74r91jSw2iFdnx29nw==}
    dev: false

  /tslib/1.10.0:
    resolution: {integrity: sha512-qOebF53frne81cf0S9B41ByenJ3/IuH8yJKngAX35CmiZySA0khhkovshKK+jGCaMnVomla7gVlIcc3EvKPbTQ==}
    dev: false

  /tslib/1.11.0:
    resolution: {integrity: sha512-BmndXUtiTn/VDDrJzQE7Mm22Ix3PxgLltW9bSNLoeCY31gnG2OPx0QqJnuc9oMIKioYrz487i6K9o4Pdn0j+Kg==}
    dev: false

  /utility-types/3.10.0:
    resolution: {integrity: sha512-O11mqxmi7wMKCo6HKFt5AhO4BwY3VV68YU07tgxfz8zJTIxr4BpsezN49Ffwy9j3ZpwwJp4fkRwjRzq3uWE6Rg==}
    engines: {node: '>= 4'}
    dev: false
