dependencies:
  '@ts-schema-autogen/lib': 'link:../lib'
  '@ts-schema-autogen/status': 'link:../status'
  '@ts-schema-autogen/types': 'link:../types'
  '@ts-schema-autogen/utils': 'link:../utils'
  '@tsfun/object': 0.0.14
  '@tsfun/pipe': 0.0.10
  '@types/node': 13.1.8
  tslib: 1.10.0
lockfileVersion: 5.1
packages:
  /@tsfun/object/0.0.14:
    dependencies:
      '@types/node': 13.1.8
      tslib: 1.10.0
      utility-types: 3.10.0
    dev: false
    resolution:
      integrity: sha512-MqH27rg1J+4CBYC0n4WTaULUNjnRj1y9vzV6ndXwnM/finXy7fdCA1kKBxgs7vIyMFTkBHkqMOt8Fq90MCyskA==
  /@tsfun/pipe/0.0.10:
    dependencies:
      '@tsfun/tap': 0.0.9
      '@types/node': 13.1.8
      tslib: 1.10.0
    dev: false
    engines:
      node: '>= 8.9.0'
    resolution:
      integrity: sha512-WrQoqGJ5OhumvtNwz7A7s88Y/2jjEayfkS6fWsnZWX2q2miIPYxb+TiG51y5V15zfcbRFY4p0DbwYv8Z3EKd9A==
  /@tsfun/tap/0.0.9:
    dependencies:
      '@types/node': 13.1.8
      tslib: 1.10.0
    dev: false
    resolution:
      integrity: sha512-00ULLfaVuFb4H0KyHZqutAuNE3WewDEZzUt+fQifl83hElfO+AX5yCoxjMi7e4JZX0cJi/pmce6HuEOhJOzqdg==
  /@types/node/13.1.8:
    dev: false
    resolution:
      integrity: sha512-6XzyyNM9EKQW4HKuzbo/CkOIjn/evtCmsU+MUM1xDfJ+3/rNjBttM1NgN7AOQvN6tP1Sl1D1PIKMreTArnxM9A==
  /tslib/1.10.0:
    dev: false
    resolution:
      integrity: sha512-qOebF53frne81cf0S9B41ByenJ3/IuH8yJKngAX35CmiZySA0khhkovshKK+jGCaMnVomla7gVlIcc3EvKPbTQ==
  /utility-types/3.10.0:
    dev: false
    engines:
      node: '>= 4'
    resolution:
      integrity: sha512-O11mqxmi7wMKCo6HKFt5AhO4BwY3VV68YU07tgxfz8zJTIxr4BpsezN49Ffwy9j3ZpwwJp4fkRwjRzq3uWE6Rg==
specifiers:
  '@ts-schema-autogen/lib': ^0.0.0
  '@ts-schema-autogen/status': ^0.0.0
  '@ts-schema-autogen/types': ^0.0.0
  '@ts-schema-autogen/utils': ^0.0.0
  '@tsfun/object': ^0.0.14
  '@tsfun/pipe': ^0.0.10
  '@types/node': ^13.1.8
  tslib: ^1.10.0
