dependencies:
  '@ts-schema-autogen/validate': 'link:../../packages/validate'
  '@tsfun/result': 0.0.16
lockfileVersion: 5.1
packages:
  /@tsfun/prv-option-result-common/0.0.11:
    dependencies:
      '@types/node': 13.7.6
      tslib: 1.10.0
    dev: false
    engines:
      node: '>= 8.9.0'
    resolution:
      integrity: sha512-AIp2Oygr9WD12BG4p+fUEhyGtPnchRVALahzDab2eobkD2IhxRnHsKZh4J3v84faEIuXbnpdfALwGkzaOcgkPA==
  /@tsfun/prv-types/0.0.6:
    dependencies:
      '@types/node': 13.7.6
      tslib: 1.10.0
    dev: false
    resolution:
      integrity: sha512-s97gvRX2SjGTdU+Odsi6RgsVFi+xNOx3T6Jew2mo7m7Wj6eJmM0HB0HlFPmwIIi2MtXIpSr71TZmRVcMeU3Atw==
  /@tsfun/result/0.0.16:
    dependencies:
      '@tsfun/prv-option-result-common': 0.0.11
      '@tsfun/prv-types': 0.0.6
      '@tsfun/tap': 0.0.10
      '@types/node': 13.7.6
      tslib: 1.10.0
    dev: false
    engines:
      node: '>= 8.9.0'
    resolution:
      integrity: sha512-lUpVISAm0RUxRdyVUuAOLBe7ArdrQkepdLz4nML0a/2/WvrDsAIn2PIdRL3eZXqqdyhS2dy+ot5E5vc/RNWOEQ==
  /@tsfun/tap/0.0.10:
    dependencies:
      '@types/node': 13.7.6
      tslib: 1.10.0
    dev: false
    resolution:
      integrity: sha512-ArfW5g+1BxUXhqWOCOceiR3iviWn6PvDjOHzSBCCw3luYlVJ8JwYMcvj9ZXITBbP33uM8NKbxwzjRGGVckXLdg==
  /@types/node/13.7.6:
    dev: false
    resolution:
      integrity: sha512-eyK7MWD0R1HqVTp+PtwRgFeIsemzuj4gBFSQxfPHY5iMjS7474e5wq+VFgTcdpyHeNxyKSaetYAjdMLJlKoWqA==
  /tslib/1.10.0:
    dev: false
    resolution:
      integrity: sha512-qOebF53frne81cf0S9B41ByenJ3/IuH8yJKngAX35CmiZySA0khhkovshKK+jGCaMnVomla7gVlIcc3EvKPbTQ==
specifiers:
  '@ts-schema-autogen/validate': 'file:../../packages/validate'
  '@tsfun/result': ^0.0.16
