dependencies:
  '@ts-schema-autogen/status': 'link:../status'
  '@ts-schema-autogen/types': 'link:../types'
  '@ts-schema-autogen/utils': 'link:../utils'
  '@ts-schema-autogen/validate': 'link:../validate'
  '@tsfun/object': 0.0.17
  '@tsfun/result': 0.0.16
  '@types/js-yaml': 3.12.2
  '@types/node': 13.7.6
  better-path-join: 0.0.1
  fast-traverse: 0.1.5
  js-yaml: 3.13.1
  tslib: 1.11.0
lockfileVersion: 5.1
packages:
  /@tsfun/object/0.0.17:
    dependencies:
      '@types/node': 13.7.6
      tslib: 1.11.0
      utility-types: 3.10.0
    dev: false
    resolution:
      integrity: sha512-H/hRAlGWkoui1ZqIX2iPSQdK07mUF7QZwIkyY5SzwBIe1jVkSRNXmHtm9WvWMuoaGCr3peCZGXphximX3DEzig==
  /@tsfun/prv-option-result-common/0.0.11:
    dependencies:
      '@types/node': 13.7.6
      tslib: 1.10.0
    dev: false
    engines:
      node: '>= 8.9.0'
    resolution:
      integrity: sha512-AIp2Oygr9WD12BG4p+fUEhyGtPnchRVALahzDab2eobkD2IhxRnHsKZh4J3v84faEIuXbnpdfALwGkzaOcgkPA==
  /@tsfun/prv-types/0.0.6:
    dependencies:
      '@types/node': 13.7.6
      tslib: 1.10.0
    dev: false
    resolution:
      integrity: sha512-s97gvRX2SjGTdU+Odsi6RgsVFi+xNOx3T6Jew2mo7m7Wj6eJmM0HB0HlFPmwIIi2MtXIpSr71TZmRVcMeU3Atw==
  /@tsfun/result/0.0.16:
    dependencies:
      '@tsfun/prv-option-result-common': 0.0.11
      '@tsfun/prv-types': 0.0.6
      '@tsfun/tap': 0.0.10
      '@types/node': 13.7.6
      tslib: 1.11.0
    dev: false
    engines:
      node: '>= 8.9.0'
    resolution:
      integrity: sha512-lUpVISAm0RUxRdyVUuAOLBe7ArdrQkepdLz4nML0a/2/WvrDsAIn2PIdRL3eZXqqdyhS2dy+ot5E5vc/RNWOEQ==
  /@tsfun/tap/0.0.10:
    dependencies:
      '@types/node': 13.7.6
      tslib: 1.10.0
    dev: false
    resolution:
      integrity: sha512-ArfW5g+1BxUXhqWOCOceiR3iviWn6PvDjOHzSBCCw3luYlVJ8JwYMcvj9ZXITBbP33uM8NKbxwzjRGGVckXLdg==
  /@types/js-yaml/3.12.2:
    dev: false
    resolution:
      integrity: sha512-0CFu/g4mDSNkodVwWijdlr8jH7RoplRWNgovjFLEZeT+QEbbZXjBmCe3HwaWheAlCbHwomTwzZoSedeOycABug==
  /@types/node/13.7.6:
    dev: false
    resolution:
      integrity: sha512-eyK7MWD0R1HqVTp+PtwRgFeIsemzuj4gBFSQxfPHY5iMjS7474e5wq+VFgTcdpyHeNxyKSaetYAjdMLJlKoWqA==
  /argparse/1.0.10:
    dependencies:
      sprintf-js: 1.0.3
    dev: false
    resolution:
      integrity: sha512-o5Roy6tNG4SL/FOkCAN6RzjiakZS25RLYFrcMttJqbdd8BWrnA+fGz57iN5Pb06pvBGvl5gQ0B48dJlslXvoTg==
  /better-path-join/0.0.1:
    dependencies:
      '@types/node': 13.7.6
      tslib: 1.11.0
    dev: false
    resolution:
      integrity: sha512-JIv4V7rh19/Hg0O5I0l8eSobC3F+aUWaL9D9QQKAKFw4Qj+whdRrlRejrYICPS2NEJ/2vsDjhKur3iFhQf49QQ==
  /esprima/4.0.1:
    dev: false
    engines:
      node: '>=4'
    hasBin: true
    resolution:
      integrity: sha512-eGuFFw7Upda+g4p+QHvnW0RyTX/SVeJBDM/gCtMARO0cLuT2HcEKnTPvhjV6aGeqrCB/sbNop0Kszm0jsaWU4A==
  /fast-traverse/0.1.5:
    dependencies:
      '@types/node': 13.7.6
      tslib: 1.11.0
    dev: false
    resolution:
      integrity: sha512-KtI4ikGTH+7/Zj+P+T2kS8gGAXBgX9YX2SvLCp0qqqLZ2yp1ZIfh+5HV+9ViYx74D7/KPcvRuYc9/MClv13LHw==
  /js-yaml/3.13.1:
    dependencies:
      argparse: 1.0.10
      esprima: 4.0.1
    dev: false
    hasBin: true
    resolution:
      integrity: sha512-YfbcO7jXDdyj0DGxYVSlSeQNHbD7XPWvrVWeVUujrQEoZzWJIRrCPoyk6kL6IAjAG2IolMK4T0hNUe0HOUs5Jw==
  /sprintf-js/1.0.3:
    dev: false
    resolution:
      integrity: sha1-BOaSb2YolTVPPdAVIDYzuFcpfiw=
  /tslib/1.10.0:
    dev: false
    resolution:
      integrity: sha512-qOebF53frne81cf0S9B41ByenJ3/IuH8yJKngAX35CmiZySA0khhkovshKK+jGCaMnVomla7gVlIcc3EvKPbTQ==
  /tslib/1.11.0:
    dev: false
    resolution:
      integrity: sha512-BmndXUtiTn/VDDrJzQE7Mm22Ix3PxgLltW9bSNLoeCY31gnG2OPx0QqJnuc9oMIKioYrz487i6K9o4Pdn0j+Kg==
  /utility-types/3.10.0:
    dev: false
    engines:
      node: '>= 4'
    resolution:
      integrity: sha512-O11mqxmi7wMKCo6HKFt5AhO4BwY3VV68YU07tgxfz8zJTIxr4BpsezN49Ffwy9j3ZpwwJp4fkRwjRzq3uWE6Rg==
specifiers:
  '@ts-schema-autogen/status': ^0.1.1
  '@ts-schema-autogen/types': ^0.1.1
  '@ts-schema-autogen/utils': ^0.0.1
  '@ts-schema-autogen/validate': ^0.1.1
  '@tsfun/object': ^0.0.17
  '@tsfun/result': ^0.0.16
  '@types/js-yaml': ^3.12.2
  '@types/node': ^13.7.6
  better-path-join: ^0.0.1
  fast-traverse: ^0.1.5
  js-yaml: ^3.13.1
  tslib: ^1.11.0
