dependencies:
  '@ts-schema-autogen/types': 'link:../types'
  '@ts-schema-autogen/utils': 'link:../utils'
  '@types/node': 13.7.6
  tslib: 2.0.0
lockfileVersion: 5.1
packages:
  /@types/node/13.7.6:
    dev: false
    resolution:
      integrity: sha512-eyK7MWD0R1HqVTp+PtwRgFeIsemzuj4gBFSQxfPHY5iMjS7474e5wq+VFgTcdpyHeNxyKSaetYAjdMLJlKoWqA==
  /tslib/2.0.0:
    dev: false
    resolution:
      integrity: sha512-lTqkx847PI7xEDYJntxZH89L2/aXInsyF2luSafe/+0fHOMjlBNXdH6th7f70qxLDhul7KZK0zC8V5ZIyHl0/g==
specifiers:
  '@ts-schema-autogen/types': ^0.1.1
  '@ts-schema-autogen/utils': ^0.0.1
  '@types/node': ^13.7.6
  tslib: ^2.0.0
