lockfileVersion: 5.3

specifiers:
  '@ts-schema-autogen/schemas': ^0.1.1
  '@ts-schema-autogen/types': ^0.1.1
  '@tsfun/result': ^0.0.16
  '@types/node': ^14.0.0
  ajv: ^6.12.0
  exec-once: ^0.1.6
  tslib: ^1.11.0

dependencies:
  '@ts-schema-autogen/schemas': link:../schemas
  '@ts-schema-autogen/types': link:../types
  '@tsfun/result': 0.0.16
  '@types/node': 14.17.2
  ajv: 6.12.0
  exec-once: 0.1.6
  tslib: 1.11.0

packages:

  /@tsfun/prv-option-result-common/0.0.11:
    resolution: {integrity: sha512-AIp2Oygr9WD12BG4p+fUEhyGtPnchRVALahzDab2eobkD2IhxRnHsKZh4J3v84faEIuXbnpdfALwGkzaOcgkPA==}
    engines: {node: '>= 8.9.0'}
    dependencies:
      '@types/node': 13.7.6
      tslib: 1.10.0
    dev: false

  /@tsfun/prv-types/0.0.6:
    resolution: {integrity: sha512-s97gvRX2SjGTdU+Odsi6RgsVFi+xNOx3T6Jew2mo7m7Wj6eJmM0HB0HlFPmwIIi2MtXIpSr71TZmRVcMeU3Atw==}
    dependencies:
      '@types/node': 13.7.6
      tslib: 1.10.0
    dev: false

  /@tsfun/result/0.0.16:
    resolution: {integrity: sha512-lUpVISAm0RUxRdyVUuAOLBe7ArdrQkepdLz4nML0a/2/WvrDsAIn2PIdRL3eZXqqdyhS2dy+ot5E5vc/RNWOEQ==}
    engines: {node: '>= 8.9.0'}
    dependencies:
      '@tsfun/prv-option-result-common': 0.0.11
      '@tsfun/prv-types': 0.0.6
      '@tsfun/tap': 0.0.10
      '@types/node': 13.7.6
      tslib: 1.11.0
    dev: false

  /@tsfun/tap/0.0.10:
    resolution: {integrity: sha512-ArfW5g+1BxUXhqWOCOceiR3iviWn6PvDjOHzSBCCw3luYlVJ8JwYMcvj9ZXITBbP33uM8NKbxwzjRGGVckXLdg==}
    dependencies:
      '@types/node': 13.7.6
      tslib: 1.10.0
    dev: false

  /@types/node/13.7.6:
    resolution: {integrity: sha512-eyK7MWD0R1HqVTp+PtwRgFeIsemzuj4gBFSQxfPHY5iMjS7474e5wq+VFgTcdpyHeNxyKSaetYAjdMLJlKoWqA==}
    dev: false

  /@types/node/14.17.2:
    resolution: {integrity: sha512-sld7b/xmFum66AAKuz/rp/CUO8+98fMpyQ3SBfzzBNGMd/1iHBTAg9oyAvcYlAj46bpc74r91jSw2iFdnx29nw==}
    dev: false

  /ajv/6.12.0:
    resolution: {integrity: sha512-D6gFiFA0RRLyUbvijN74DWAjXSFxWKaWP7mldxkVhyhAV3+SWA9HEJPHQ2c9soIeTFJqcSdFDGFgdqs1iUU2Hw==}
    dependencies:
      fast-deep-equal: 3.1.1
      fast-json-stable-stringify: 2.1.0
      json-schema-traverse: 0.4.1
      uri-js: 4.2.2
    dev: false

  /exec-once/0.1.6:
    resolution: {integrity: sha512-DMCRTmVoGgGJLS+Z7NfaV53QiQTi8XedoBNVWsl5S7ZQGgt587MOKqlu8k/ybtkEEVjkl4RjO4REOJv4v2ZBxw==}
    dependencies:
      '@types/node': 13.7.6
      tslib: 1.11.0
    dev: false

  /fast-deep-equal/3.1.1:
    resolution: {integrity: sha512-8UEa58QDLauDNfpbrX55Q9jrGHThw2ZMdOky5Gl1CDtVeJDPVrG4Jxx1N8jw2gkWaff5UUuX1KJd+9zGe2B+ZA==}
    dev: false

  /fast-json-stable-stringify/2.1.0:
    resolution: {integrity: sha512-lhd/wF+Lk98HZoTCtlVraHtfh5XYijIjalXck7saUtuanSDyLMxnHhSXEDJqHxD7msR8D0uCmqlkwjCV8xvwHw==}
    dev: false

  /json-schema-traverse/0.4.1:
    resolution: {integrity: sha512-xbbCH5dCYU5T8LcEhhuh7HJ88HXuW3qsI3Y0zOZFKfZEHcpWiHU/Jxzk629Brsab/mMiHQti9wMP+845RPe3Vg==}
    dev: false

  /punycode/2.1.1:
    resolution: {integrity: sha512-XRsRjdf+j5ml+y/6GKHPZbrF/8p2Yga0JPtdqTIY2Xe5ohJPD9saDJJLPvp9+NSBprVvevdXZybnj2cv8OEd0A==}
    engines: {node: '>=6'}
    dev: false

  /tslib/1.10.0:
    resolution: {integrity: sha512-qOebF53frne81cf0S9B41ByenJ3/IuH8yJKngAX35CmiZySA0khhkovshKK+jGCaMnVomla7gVlIcc3EvKPbTQ==}
    dev: false

  /tslib/1.11.0:
    resolution: {integrity: sha512-BmndXUtiTn/VDDrJzQE7Mm22Ix3PxgLltW9bSNLoeCY31gnG2OPx0QqJnuc9oMIKioYrz487i6K9o4Pdn0j+Kg==}
    dev: false

  /uri-js/4.2.2:
    resolution: {integrity: sha512-KY9Frmirql91X2Qgjry0Wd4Y+YTdrdZheS8TFwvkbLWf/G5KNJDCh6pKL5OZctEW4+0Baa5idK2ZQuELRwPznQ==}
    dependencies:
      punycode: 2.1.1
    dev: false
