dependencies:
  '@ts-schema-autogen/schemas': 'link:../schemas'
  '@ts-schema-autogen/types': 'link:../types'
  '@tsfun/result': 0.0.20
  '@types/node': 13.7.6
  ajv: 6.12.0
  exec-once: 0.1.6
  tslib: 1.11.0
lockfileVersion: 5.1
packages:
  /@tsfun/prv-option-result-common/0.0.15:
    dependencies:
      '@types/node': 14.6.0
      tslib: 2.0.1
    dev: false
    engines:
      node: '>= 8.9.0'
    resolution:
      integrity: sha512-oqmmMHkoD1IXADxtOupJ9JFBcocuToxbSuqMIw3VszZIyvysJ3t9y+LlP+qxo92pOj/GJz4oohhzKBHkaaLqWA==
  /@tsfun/prv-types/0.0.10:
    dependencies:
      '@types/node': 14.6.0
      tslib: 2.0.1
    dev: false
    resolution:
      integrity: sha512-8QJUR81Zyf9gLhl7llp10bTZ+4WgXBM6LaiKZTmgjmviggFIQobm1hDzirZ9gUMxG1lGtTr4glszSkvuCcSjaA==
  /@tsfun/result/0.0.20:
    dependencies:
      '@tsfun/prv-option-result-common': 0.0.15
      '@tsfun/prv-types': 0.0.10
      '@tsfun/tap': 0.0.14
      '@types/node': 14.6.0
      tslib: 2.0.1
    dev: false
    engines:
      node: '>= 8.9.0'
    resolution:
      integrity: sha512-7IXm8ab6hRl7dNliHvFCoHdDXcDITSOPFKZl+7VxEKTXXmSrUe5QupvzzBro1G5Q104do/xiHZT1RBhwLzg1iw==
  /@tsfun/tap/0.0.14:
    dependencies:
      '@types/node': 14.6.0
      tslib: 2.0.1
    dev: false
    resolution:
      integrity: sha512-hXrhnrFidsbi4zeo6HaiHEMFLcjNTSc4osYps2Py7cgbgwW6nNxcZwRbDlQaMIdvpuQuHFd1+bxhDYQ0C9r6xA==
  /@types/node/13.7.6:
    dev: false
    resolution:
      integrity: sha512-eyK7MWD0R1HqVTp+PtwRgFeIsemzuj4gBFSQxfPHY5iMjS7474e5wq+VFgTcdpyHeNxyKSaetYAjdMLJlKoWqA==
  /@types/node/14.6.0:
    dev: false
    resolution:
      integrity: sha512-mikldZQitV94akrc4sCcSjtJfsTKt4p+e/s0AGscVA6XArQ9kFclP+ZiYUMnq987rc6QlYxXv/EivqlfSLxpKA==
  /ajv/6.12.0:
    dependencies:
      fast-deep-equal: 3.1.1
      fast-json-stable-stringify: 2.1.0
      json-schema-traverse: 0.4.1
      uri-js: 4.2.2
    dev: false
    resolution:
      integrity: sha512-D6gFiFA0RRLyUbvijN74DWAjXSFxWKaWP7mldxkVhyhAV3+SWA9HEJPHQ2c9soIeTFJqcSdFDGFgdqs1iUU2Hw==
  /exec-once/0.1.6:
    dependencies:
      '@types/node': 13.7.6
      tslib: 1.11.0
    dev: false
    resolution:
      integrity: sha512-DMCRTmVoGgGJLS+Z7NfaV53QiQTi8XedoBNVWsl5S7ZQGgt587MOKqlu8k/ybtkEEVjkl4RjO4REOJv4v2ZBxw==
  /fast-deep-equal/3.1.1:
    dev: false
    resolution:
      integrity: sha512-8UEa58QDLauDNfpbrX55Q9jrGHThw2ZMdOky5Gl1CDtVeJDPVrG4Jxx1N8jw2gkWaff5UUuX1KJd+9zGe2B+ZA==
  /fast-json-stable-stringify/2.1.0:
    dev: false
    resolution:
      integrity: sha512-lhd/wF+Lk98HZoTCtlVraHtfh5XYijIjalXck7saUtuanSDyLMxnHhSXEDJqHxD7msR8D0uCmqlkwjCV8xvwHw==
  /json-schema-traverse/0.4.1:
    dev: false
    resolution:
      integrity: sha512-xbbCH5dCYU5T8LcEhhuh7HJ88HXuW3qsI3Y0zOZFKfZEHcpWiHU/Jxzk629Brsab/mMiHQti9wMP+845RPe3Vg==
  /punycode/2.1.1:
    dev: false
    engines:
      node: '>=6'
    resolution:
      integrity: sha512-XRsRjdf+j5ml+y/6GKHPZbrF/8p2Yga0JPtdqTIY2Xe5ohJPD9saDJJLPvp9+NSBprVvevdXZybnj2cv8OEd0A==
  /tslib/1.11.0:
    dev: false
    resolution:
      integrity: sha512-BmndXUtiTn/VDDrJzQE7Mm22Ix3PxgLltW9bSNLoeCY31gnG2OPx0QqJnuc9oMIKioYrz487i6K9o4Pdn0j+Kg==
  /tslib/2.0.1:
    dev: false
    resolution:
      integrity: sha512-SgIkNheinmEBgx1IUNirK0TUD4X9yjjBRTqqjggWCU3pUEqIk3/Uwl3yRixYKT6WjQuGiwDv4NomL3wqRCj+CQ==
  /uri-js/4.2.2:
    dependencies:
      punycode: 2.1.1
    dev: false
    resolution:
      integrity: sha512-KY9Frmirql91X2Qgjry0Wd4Y+YTdrdZheS8TFwvkbLWf/G5KNJDCh6pKL5OZctEW4+0Baa5idK2ZQuELRwPznQ==
specifiers:
  '@ts-schema-autogen/schemas': ^0.1.1
  '@ts-schema-autogen/types': ^0.1.1
  '@tsfun/result': ^0.0.20
  '@types/node': ^13.7.6
  ajv: ^6.12.0
  exec-once: ^0.1.6
  tslib: ^1.11.0
